
Microsoft Visual Studio Solution File, Format Version 12.00
# Visual Studio Version 16
VisualStudioVersion = 16.0.32407.337
MinimumVisualStudioVersion = 10.0.40219.1
Project("{FAE04EC0-301F-11D3-BF4B-00C04F79EFBC}") = "Ex03.ConsoleUI", "Ex03.ConsoleUI\Ex03.ConsoleUI.csproj", "{09ECC995-71DC-49A9-A438-A38A9D8C65BA}"
EndProject
Project("{FAE04EC0-301F-11D3-BF4B-00C04F79EFBC}") = "Ex03.GarageLogic", "Ex03.GarageLogic\Ex03.GarageLogic.csproj", "{F120840B-7342-4AFC-BF5E-3F2864ECF443}"
EndProject
Global
	GlobalSection(SolutionConfigurationPlatforms) = preSolution
		Debug|Any CPU = Debug|Any CPU
		Release|Any CPU = Release|Any CPU
	EndGlobalSection
	GlobalSection(ProjectConfigurationPlatforms) = postSolution
		{09ECC995-71DC-49A9-A438-A38A9D8C65BA}.Debug|Any CPU.ActiveCfg = Debug|Any CPU
		{09ECC995-71DC-49A9-A438-A38A9D8C65BA}.Debug|Any CPU.Build.0 = Debug|Any CPU
		{09ECC995-71DC-49A9-A438-A38A9D8C65BA}.Release|Any CPU.ActiveCfg = Release|Any CPU
		{09ECC995-71DC-49A9-A438-A38A9D8C65BA}.Release|Any CPU.Build.0 = Release|Any CPU
		{F120840B-7342-4AFC-BF5E-3F2864ECF443}.Debug|Any CPU.ActiveCfg = Debug|Any CPU
		{F120840B-7342-4AFC-BF5E-3F2864ECF443}.Debug|Any CPU.Build.0 = Debug|Any CPU
		{F120840B-7342-4AFC-BF5E-3F2864ECF443}.Release|Any CPU.ActiveCfg = Release|Any CPU
		{F120840B-7342-4AFC-BF5E-3F2864ECF443}.Release|Any CPU.Build.0 = Release|Any CPU
	EndGlobalSection
	GlobalSection(SolutionProperties) = preSolution
		HideSolutionNode = FALSE
	EndGlobalSection
	GlobalSection(ExtensibilityGlobals) = postSolution
		SolutionGuid = {58AECCE9-B536-4A26-A850-DFCAAB51865B}
	EndGlobalSection
EndGlobal
